// !$*UTF8*$!
{
	archiveVersion = 1;
	classes = {
	};
	objectVersion = 46;
	objects = {

/* Begin PBXBuildFile section */
		8062AA291D34B71E00A01BD1 /* NKTableViewCell.m in Sources */ = {isa = PBXBuildFile; fileRef = 8062AA281D34B71E00A01BD1 /* NKTableViewCell.m */; };
		8062AA2C1D34B73B00A01BD1 /* NKRepositoryCell.m in Sources */ = {isa = PBXBuildFile; fileRef = 8062AA2B1D34B73B00A01BD1 /* NKRepositoryCell.m */; };
		8062AA2E1D34B79700A01BD1 /* NKRepositoryCell.xib in Resources */ = {isa = PBXBuildFile; fileRef = 8062AA2D1D34B79700A01BD1 /* NKRepositoryCell.xib */; };
		8062AA321D34BE1C00A01BD1 /* NKRepositoryDataSource.m in Sources */ = {isa = PBXBuildFile; fileRef = 8062AA311D34BE1C00A01BD1 /* NKRepositoryDataSource.m */; };
		8062AA3D1D34D51700A01BD1 /* NumberPageLoading.m in Sources */ = {isa = PBXBuildFile; fileRef = 8062AA371D34D51700A01BD1 /* NumberPageLoading.m */; };
		8062AA3E1D34D51700A01BD1 /* PageLoading.m in Sources */ = {isa = PBXBuildFile; fileRef = 8062AA391D34D51700A01BD1 /* PageLoading.m */; };
		8062AA3F1D34D51700A01BD1 /* PageLoadingIndicator.m in Sources */ = {isa = PBXBuildFile; fileRef = 8062AA3B1D34D51700A01BD1 /* PageLoadingIndicator.m */; };
		8062AA431D34F9FB00A01BD1 /* NKBlankView.m in Sources */ = {isa = PBXBuildFile; fileRef = 8062AA421D34F9FB00A01BD1 /* NKBlankView.m */; };
		8062AA491D3527DB00A01BD1 /* NKUserDefaultsStorage.m in Sources */ = {isa = PBXBuildFile; fileRef = 8062AA481D3527DB00A01BD1 /* NKUserDefaultsStorage.m */; };
		8062AA4D1D35DBFE00A01BD1 /* UIColor+NKApplicationColor.m in Sources */ = {isa = PBXBuildFile; fileRef = 8062AA4C1D35DBFE00A01BD1 /* UIColor+NKApplicationColor.m */; };
		8062AA511D35DC1D00A01BD1 /* UIImage+NKApplicationImage.m in Sources */ = {isa = PBXBuildFile; fileRef = 8062AA501D35DC1D00A01BD1 /* UIImage+NKApplicationImage.m */; };
		8062AA561D35E4F600A01BD1 /* NKFavoritesPresenter.m in Sources */ = {isa = PBXBuildFile; fileRef = 8062AA551D35E4F600A01BD1 /* NKFavoritesPresenter.m */; };
		8062AA5D1D35E53800A01BD1 /* NKFavoritesAssembly.m in Sources */ = {isa = PBXBuildFile; fileRef = 8062AA5C1D35E53800A01BD1 /* NKFavoritesAssembly.m */; };
		8062AA641D35EEA200A01BD1 /* NKBaseAssembly.m in Sources */ = {isa = PBXBuildFile; fileRef = 8062AA631D35EEA200A01BD1 /* NKBaseAssembly.m */; };
		8062AA681D35EF2300A01BD1 /* NKServicesAssembly.m in Sources */ = {isa = PBXBuildFile; fileRef = 8062AA671D35EF2300A01BD1 /* NKServicesAssembly.m */; };
		806B2EAB1D33317B00410910 /* main.m in Sources */ = {isa = PBXBuildFile; fileRef = 806B2EAA1D33317B00410910 /* main.m */; };
		806B2EAE1D33317B00410910 /* AppDelegate.m in Sources */ = {isa = PBXBuildFile; fileRef = 806B2EAD1D33317B00410910 /* AppDelegate.m */; };
		806B2EB41D33317B00410910 /* Main.storyboard in Resources */ = {isa = PBXBuildFile; fileRef = 806B2EB21D33317B00410910 /* Main.storyboard */; };
		806B2EB61D33317B00410910 /* Assets.xcassets in Resources */ = {isa = PBXBuildFile; fileRef = 806B2EB51D33317B00410910 /* Assets.xcassets */; };
		806B2EB91D33317B00410910 /* LaunchScreen.storyboard in Resources */ = {isa = PBXBuildFile; fileRef = 806B2EB71D33317B00410910 /* LaunchScreen.storyboard */; };
		806B2EEF1D33391900410910 /* empty_star@2x.png in Resources */ = {isa = PBXBuildFile; fileRef = 806B2EE91D33391900410910 /* empty_star@2x.png */; };
		806B2EF01D33391900410910 /* empty_star@3x.png in Resources */ = {isa = PBXBuildFile; fileRef = 806B2EEA1D33391900410910 /* empty_star@3x.png */; };
		806B2EF11D33391900410910 /* fork@2x.png in Resources */ = {isa = PBXBuildFile; fileRef = 806B2EEB1D33391900410910 /* fork@2x.png */; };
		806B2EF21D33391900410910 /* fork@3x.png in Resources */ = {isa = PBXBuildFile; fileRef = 806B2EEC1D33391900410910 /* fork@3x.png */; };
		806B2EF31D33391900410910 /* star@2x.png in Resources */ = {isa = PBXBuildFile; fileRef = 806B2EED1D33391900410910 /* star@2x.png */; };
		806B2EF41D33391900410910 /* star@3x.png in Resources */ = {isa = PBXBuildFile; fileRef = 806B2EEE1D33391900410910 /* star@3x.png */; };
		806B2EF61D33393100410910 /* Octocat@3x.png in Resources */ = {isa = PBXBuildFile; fileRef = 806B2EF51D33393100410910 /* Octocat@3x.png */; };
		806B2F021D33486300410910 /* NKSearchController.m in Sources */ = {isa = PBXBuildFile; fileRef = 806B2F011D33486300410910 /* NKSearchController.m */; };
		806B2F061D334A3700410910 /* NKFavoritesController.m in Sources */ = {isa = PBXBuildFile; fileRef = 806B2F051D334A3700410910 /* NKFavoritesController.m */; };
		806B2F0C1D3352A900410910 /* NKBasePresenter.m in Sources */ = {isa = PBXBuildFile; fileRef = 806B2F0B1D3352A900410910 /* NKBasePresenter.m */; };
		806B2F111D33532900410910 /* NKBaseController.m in Sources */ = {isa = PBXBuildFile; fileRef = 806B2F101D33532900410910 /* NKBaseController.m */; };
		806B2F141D3353FD00410910 /* NKSearchPresenter.m in Sources */ = {isa = PBXBuildFile; fileRef = 806B2F131D3353FD00410910 /* NKSearchPresenter.m */; };
		806B2F1D1D338A0500410910 /* Localizable.strings in Resources */ = {isa = PBXBuildFile; fileRef = 806B2F1C1D338A0500410910 /* Localizable.strings */; };
		806B2F201D338F1700410910 /* NKSearchAssembly.m in Sources */ = {isa = PBXBuildFile; fileRef = 806B2F1F1D338F1700410910 /* NKSearchAssembly.m */; };
		80D2DAA21D3393D900D37BC7 /* NKAPIService.m in Sources */ = {isa = PBXBuildFile; fileRef = 80D2DAA11D3393D900D37BC7 /* NKAPIService.m */; };
		80D2DAAB1D33ACF500D37BC7 /* NKAPISearchService.m in Sources */ = {isa = PBXBuildFile; fileRef = 80D2DAAA1D33ACF500D37BC7 /* NKAPISearchService.m */; };
		80D2DAB01D33C7EC00D37BC7 /* NKRepository.m in Sources */ = {isa = PBXBuildFile; fileRef = 80D2DAAF1D33C7EC00D37BC7 /* NKRepository.m */; };
		80D2DAB41D33D05300D37BC7 /* NSArray+SQExtended.m in Sources */ = {isa = PBXBuildFile; fileRef = 80D2DAB31D33D05300D37BC7 /* NSArray+SQExtended.m */; };
		FF7C4E33684FB8591B6884B4 /* libPods-SearchRepositories.a in Frameworks */ = {isa = PBXBuildFile; fileRef = 0EB491FF55C962E57E60FC5B /* libPods-SearchRepositories.a */; };
/* End PBXBuildFile section */

/* Begin PBXFileReference section */
		0EB491FF55C962E57E60FC5B /* libPods-SearchRepositories.a */ = {isa = PBXFileReference; explicitFileType = archive.ar; includeInIndex = 0; path = "libPods-SearchRepositories.a"; sourceTree = BUILT_PRODUCTS_DIR; };
		29F1098CA1B5F9743A297230 /* Pods-SearchRepositories.release.xcconfig */ = {isa = PBXFileReference; includeInIndex = 1; lastKnownFileType = text.xcconfig; name = "Pods-SearchRepositories.release.xcconfig"; path = "Pods/Target Support Files/Pods-SearchRepositories/Pods-SearchRepositories.release.xcconfig"; sourceTree = "<group>"; };
		7DD7F36D5F910FFC4656D7CE /* Pods-SearchRepositories.debug.xcconfig */ = {isa = PBXFileReference; includeInIndex = 1; lastKnownFileType = text.xcconfig; name = "Pods-SearchRepositories.debug.xcconfig"; path = "Pods/Target Support Files/Pods-SearchRepositories/Pods-SearchRepositories.debug.xcconfig"; sourceTree = "<group>"; };
		8062AA271D34B71E00A01BD1 /* NKTableViewCell.h */ = {isa = PBXFileReference; fileEncoding = 4; lastKnownFileType = sourcecode.c.h; path = NKTableViewCell.h; sourceTree = "<group>"; };
		8062AA281D34B71E00A01BD1 /* NKTableViewCell.m */ = {isa = PBXFileReference; fileEncoding = 4; lastKnownFileType = sourcecode.c.objc; path = NKTableViewCell.m; sourceTree = "<group>"; };
		8062AA2A1D34B73B00A01BD1 /* NKRepositoryCell.h */ = {isa = PBXFileReference; fileEncoding = 4; lastKnownFileType = sourcecode.c.h; path = NKRepositoryCell.h; sourceTree = "<group>"; };
		8062AA2B1D34B73B00A01BD1 /* NKRepositoryCell.m */ = {isa = PBXFileReference; fileEncoding = 4; lastKnownFileType = sourcecode.c.objc; path = NKRepositoryCell.m; sourceTree = "<group>"; };
		8062AA2D1D34B79700A01BD1 /* NKRepositoryCell.xib */ = {isa = PBXFileReference; fileEncoding = 4; lastKnownFileType = file.xib; path = NKRepositoryCell.xib; sourceTree = "<group>"; };
		8062AA301D34BE1C00A01BD1 /* NKRepositoryDataSource.h */ = {isa = PBXFileReference; fileEncoding = 4; lastKnownFileType = sourcecode.c.h; path = NKRepositoryDataSource.h; sourceTree = "<group>"; };
		8062AA311D34BE1C00A01BD1 /* NKRepositoryDataSource.m */ = {isa = PBXFileReference; fileEncoding = 4; lastKnownFileType = sourcecode.c.objc; path = NKRepositoryDataSource.m; sourceTree = "<group>"; };
		8062AA361D34D51700A01BD1 /* NumberPageLoading.h */ = {isa = PBXFileReference; fileEncoding = 4; lastKnownFileType = sourcecode.c.h; path = NumberPageLoading.h; sourceTree = "<group>"; };
		8062AA371D34D51700A01BD1 /* NumberPageLoading.m */ = {isa = PBXFileReference; fileEncoding = 4; lastKnownFileType = sourcecode.c.objc; path = NumberPageLoading.m; sourceTree = "<group>"; };
		8062AA381D34D51700A01BD1 /* PageLoading.h */ = {isa = PBXFileReference; fileEncoding = 4; lastKnownFileType = sourcecode.c.h; path = PageLoading.h; sourceTree = "<group>"; };
		8062AA391D34D51700A01BD1 /* PageLoading.m */ = {isa = PBXFileReference; fileEncoding = 4; lastKnownFileType = sourcecode.c.objc; path = PageLoading.m; sourceTree = "<group>"; };
		8062AA3A1D34D51700A01BD1 /* PageLoadingIndicator.h */ = {isa = PBXFileReference; fileEncoding = 4; lastKnownFileType = sourcecode.c.h; path = PageLoadingIndicator.h; sourceTree = "<group>"; };
		8062AA3B1D34D51700A01BD1 /* PageLoadingIndicator.m */ = {isa = PBXFileReference; fileEncoding = 4; lastKnownFileType = sourcecode.c.objc; path = PageLoadingIndicator.m; sourceTree = "<group>"; };
		8062AA411D34F9FB00A01BD1 /* NKBlankView.h */ = {isa = PBXFileReference; fileEncoding = 4; lastKnownFileType = sourcecode.c.h; path = NKBlankView.h; sourceTree = "<group>"; };
		8062AA421D34F9FB00A01BD1 /* NKBlankView.m */ = {isa = PBXFileReference; fileEncoding = 4; lastKnownFileType = sourcecode.c.objc; path = NKBlankView.m; sourceTree = "<group>"; };
		8062AA451D35279900A01BD1 /* NKLocalStorage.h */ = {isa = PBXFileReference; fileEncoding = 4; lastKnownFileType = sourcecode.c.h; path = NKLocalStorage.h; sourceTree = "<group>"; };
		8062AA471D3527DB00A01BD1 /* NKUserDefaultsStorage.h */ = {isa = PBXFileReference; fileEncoding = 4; lastKnownFileType = sourcecode.c.h; path = NKUserDefaultsStorage.h; sourceTree = "<group>"; };
		8062AA481D3527DB00A01BD1 /* NKUserDefaultsStorage.m */ = {isa = PBXFileReference; fileEncoding = 4; lastKnownFileType = sourcecode.c.objc; path = NKUserDefaultsStorage.m; sourceTree = "<group>"; };
		8062AA4B1D35DBFE00A01BD1 /* UIColor+NKApplicationColor.h */ = {isa = PBXFileReference; fileEncoding = 4; lastKnownFileType = sourcecode.c.h; path = "UIColor+NKApplicationColor.h"; sourceTree = "<group>"; };
		8062AA4C1D35DBFE00A01BD1 /* UIColor+NKApplicationColor.m */ = {isa = PBXFileReference; fileEncoding = 4; lastKnownFileType = sourcecode.c.objc; path = "UIColor+NKApplicationColor.m"; sourceTree = "<group>"; };
		8062AA4F1D35DC1D00A01BD1 /* UIImage+NKApplicationImage.h */ = {isa = PBXFileReference; fileEncoding = 4; lastKnownFileType = sourcecode.c.h; path = "UIImage+NKApplicationImage.h"; sourceTree = "<group>"; };
		8062AA501D35DC1D00A01BD1 /* UIImage+NKApplicationImage.m */ = {isa = PBXFileReference; fileEncoding = 4; lastKnownFileType = sourcecode.c.objc; path = "UIImage+NKApplicationImage.m"; sourceTree = "<group>"; };
		8062AA541D35E4F600A01BD1 /* NKFavoritesPresenter.h */ = {isa = PBXFileReference; fileEncoding = 4; lastKnownFileType = sourcecode.c.h; path = NKFavoritesPresenter.h; sourceTree = "<group>"; };
		8062AA551D35E4F600A01BD1 /* NKFavoritesPresenter.m */ = {isa = PBXFileReference; fileEncoding = 4; lastKnownFileType = sourcecode.c.objc; path = NKFavoritesPresenter.m; sourceTree = "<group>"; };
		8062AA5B1D35E53800A01BD1 /* NKFavoritesAssembly.h */ = {isa = PBXFileReference; fileEncoding = 4; lastKnownFileType = sourcecode.c.h; path = NKFavoritesAssembly.h; sourceTree = "<group>"; };
		8062AA5C1D35E53800A01BD1 /* NKFavoritesAssembly.m */ = {isa = PBXFileReference; fileEncoding = 4; lastKnownFileType = sourcecode.c.objc; path = NKFavoritesAssembly.m; sourceTree = "<group>"; };
		8062AA5E1D35E57600A01BD1 /* NKFavoritesViewInput.h */ = {isa = PBXFileReference; fileEncoding = 4; lastKnownFileType = sourcecode.c.h; path = NKFavoritesViewInput.h; sourceTree = "<group>"; };
		8062AA5F1D35E58600A01BD1 /* NKFavoritesViewOutput.h */ = {isa = PBXFileReference; fileEncoding = 4; lastKnownFileType = sourcecode.c.h; path = NKFavoritesViewOutput.h; sourceTree = "<group>"; };
		8062AA621D35EEA200A01BD1 /* NKBaseAssembly.h */ = {isa = PBXFileReference; fileEncoding = 4; lastKnownFileType = sourcecode.c.h; path = NKBaseAssembly.h; sourceTree = "<group>"; };
		8062AA631D35EEA200A01BD1 /* NKBaseAssembly.m */ = {isa = PBXFileReference; fileEncoding = 4; lastKnownFileType = sourcecode.c.objc; path = NKBaseAssembly.m; sourceTree = "<group>"; };
		8062AA661D35EF2300A01BD1 /* NKServicesAssembly.h */ = {isa = PBXFileReference; fileEncoding = 4; lastKnownFileType = sourcecode.c.h; path = NKServicesAssembly.h; sourceTree = "<group>"; };
		8062AA671D35EF2300A01BD1 /* NKServicesAssembly.m */ = {isa = PBXFileReference; fileEncoding = 4; lastKnownFileType = sourcecode.c.objc; path = NKServicesAssembly.m; sourceTree = "<group>"; };
		806B2EA61D33317B00410910 /* SearchRepositories.app */ = {isa = PBXFileReference; explicitFileType = wrapper.application; includeInIndex = 0; path = SearchRepositories.app; sourceTree = BUILT_PRODUCTS_DIR; };
		806B2EAA1D33317B00410910 /* main.m */ = {isa = PBXFileReference; lastKnownFileType = sourcecode.c.objc; path = main.m; sourceTree = "<group>"; };
		806B2EAC1D33317B00410910 /* AppDelegate.h */ = {isa = PBXFileReference; lastKnownFileType = sourcecode.c.h; path = AppDelegate.h; sourceTree = "<group>"; };
		806B2EAD1D33317B00410910 /* AppDelegate.m */ = {isa = PBXFileReference; lastKnownFileType = sourcecode.c.objc; path = AppDelegate.m; sourceTree = "<group>"; };
		806B2EB31D33317B00410910 /* Base */ = {isa = PBXFileReference; lastKnownFileType = file.storyboard; name = Base; path = Base.lproj/Main.storyboard; sourceTree = "<group>"; };
		806B2EB51D33317B00410910 /* Assets.xcassets */ = {isa = PBXFileReference; lastKnownFileType = folder.assetcatalog; path = Assets.xcassets; sourceTree = "<group>"; };
		806B2EB81D33317B00410910 /* Base */ = {isa = PBXFileReference; lastKnownFileType = file.storyboard; name = Base; path = Base.lproj/LaunchScreen.storyboard; sourceTree = "<group>"; };
		806B2EBA1D33317B00410910 /* Info.plist */ = {isa = PBXFileReference; lastKnownFileType = text.plist.xml; path = Info.plist; sourceTree = "<group>"; };
		806B2EE91D33391900410910 /* empty_star@2x.png */ = {isa = PBXFileReference; lastKnownFileType = image.png; path = "empty_star@2x.png"; sourceTree = "<group>"; };
		806B2EEA1D33391900410910 /* empty_star@3x.png */ = {isa = PBXFileReference; lastKnownFileType = image.png; path = "empty_star@3x.png"; sourceTree = "<group>"; };
		806B2EEB1D33391900410910 /* fork@2x.png */ = {isa = PBXFileReference; lastKnownFileType = image.png; path = "fork@2x.png"; sourceTree = "<group>"; };
		806B2EEC1D33391900410910 /* fork@3x.png */ = {isa = PBXFileReference; lastKnownFileType = image.png; path = "fork@3x.png"; sourceTree = "<group>"; };
		806B2EED1D33391900410910 /* star@2x.png */ = {isa = PBXFileReference; lastKnownFileType = image.png; path = "star@2x.png"; sourceTree = "<group>"; };
		806B2EEE1D33391900410910 /* star@3x.png */ = {isa = PBXFileReference; lastKnownFileType = image.png; path = "star@3x.png"; sourceTree = "<group>"; };
		806B2EF51D33393100410910 /* Octocat@3x.png */ = {isa = PBXFileReference; lastKnownFileType = image.png; path = "Octocat@3x.png"; sourceTree = "<group>"; };
		806B2F001D33486300410910 /* NKSearchController.h */ = {isa = PBXFileReference; fileEncoding = 4; lastKnownFileType = sourcecode.c.h; path = NKSearchController.h; sourceTree = "<group>"; };
		806B2F011D33486300410910 /* NKSearchController.m */ = {isa = PBXFileReference; fileEncoding = 4; lastKnownFileType = sourcecode.c.objc; path = NKSearchController.m; sourceTree = "<group>"; };
		806B2F041D334A3700410910 /* NKFavoritesController.h */ = {isa = PBXFileReference; fileEncoding = 4; lastKnownFileType = sourcecode.c.h; path = NKFavoritesController.h; sourceTree = "<group>"; };
		806B2F051D334A3700410910 /* NKFavoritesController.m */ = {isa = PBXFileReference; fileEncoding = 4; lastKnownFileType = sourcecode.c.objc; path = NKFavoritesController.m; sourceTree = "<group>"; };
		806B2F0A1D3352A900410910 /* NKBasePresenter.h */ = {isa = PBXFileReference; fileEncoding = 4; lastKnownFileType = sourcecode.c.h; path = NKBasePresenter.h; sourceTree = "<group>"; };
		806B2F0B1D3352A900410910 /* NKBasePresenter.m */ = {isa = PBXFileReference; fileEncoding = 4; lastKnownFileType = sourcecode.c.objc; path = NKBasePresenter.m; sourceTree = "<group>"; };
		806B2F0F1D33532900410910 /* NKBaseController.h */ = {isa = PBXFileReference; fileEncoding = 4; lastKnownFileType = sourcecode.c.h; path = NKBaseController.h; sourceTree = "<group>"; };
		806B2F101D33532900410910 /* NKBaseController.m */ = {isa = PBXFileReference; fileEncoding = 4; lastKnownFileType = sourcecode.c.objc; path = NKBaseController.m; sourceTree = "<group>"; };
		806B2F121D3353FD00410910 /* NKSearchPresenter.h */ = {isa = PBXFileReference; fileEncoding = 4; lastKnownFileType = sourcecode.c.h; path = NKSearchPresenter.h; sourceTree = "<group>"; };
		806B2F131D3353FD00410910 /* NKSearchPresenter.m */ = {isa = PBXFileReference; fileEncoding = 4; lastKnownFileType = sourcecode.c.objc; path = NKSearchPresenter.m; sourceTree = "<group>"; };
		806B2F181D33554300410910 /* NKSearchViewOutput.h */ = {isa = PBXFileReference; fileEncoding = 4; lastKnownFileType = sourcecode.c.h; path = NKSearchViewOutput.h; sourceTree = "<group>"; };
		806B2F191D33555400410910 /* NKSearchViewInput.h */ = {isa = PBXFileReference; fileEncoding = 4; lastKnownFileType = sourcecode.c.h; path = NKSearchViewInput.h; sourceTree = "<group>"; };
		806B2F1A1D3357ED00410910 /* NKViewInput.h */ = {isa = PBXFileReference; fileEncoding = 4; lastKnownFileType = sourcecode.c.h; path = NKViewInput.h; sourceTree = "<group>"; };
		806B2F1B1D3357FA00410910 /* NKViewOutput.h */ = {isa = PBXFileReference; fileEncoding = 4; lastKnownFileType = sourcecode.c.h; path = NKViewOutput.h; sourceTree = "<group>"; };
		806B2F1C1D338A0500410910 /* Localizable.strings */ = {isa = PBXFileReference; fileEncoding = 4; lastKnownFileType = text.plist.strings; path = Localizable.strings; sourceTree = "<group>"; };
		806B2F1E1D338F1700410910 /* NKSearchAssembly.h */ = {isa = PBXFileReference; fileEncoding = 4; lastKnownFileType = sourcecode.c.h; path = NKSearchAssembly.h; sourceTree = "<group>"; };
		806B2F1F1D338F1700410910 /* NKSearchAssembly.m */ = {isa = PBXFileReference; fileEncoding = 4; lastKnownFileType = sourcecode.c.objc; path = NKSearchAssembly.m; sourceTree = "<group>"; };
		80D2DAA01D3393D900D37BC7 /* NKAPIService.h */ = {isa = PBXFileReference; fileEncoding = 4; lastKnownFileType = sourcecode.c.h; path = NKAPIService.h; sourceTree = "<group>"; };
		80D2DAA11D3393D900D37BC7 /* NKAPIService.m */ = {isa = PBXFileReference; fileEncoding = 4; lastKnownFileType = sourcecode.c.objc; path = NKAPIService.m; sourceTree = "<group>"; };
		80D2DAA81D33AC5C00D37BC7 /* NKSearchService.h */ = {isa = PBXFileReference; fileEncoding = 4; lastKnownFileType = sourcecode.c.h; path = NKSearchService.h; sourceTree = "<group>"; };
		80D2DAA91D33ACF500D37BC7 /* NKAPISearchService.h */ = {isa = PBXFileReference; fileEncoding = 4; lastKnownFileType = sourcecode.c.h; path = NKAPISearchService.h; sourceTree = "<group>"; };
		80D2DAAA1D33ACF500D37BC7 /* NKAPISearchService.m */ = {isa = PBXFileReference; fileEncoding = 4; lastKnownFileType = sourcecode.c.objc; path = NKAPISearchService.m; sourceTree = "<group>"; };
		80D2DAAE1D33C7EC00D37BC7 /* NKRepository.h */ = {isa = PBXFileReference; fileEncoding = 4; lastKnownFileType = sourcecode.c.h; path = NKRepository.h; sourceTree = "<group>"; };
		80D2DAAF1D33C7EC00D37BC7 /* NKRepository.m */ = {isa = PBXFileReference; fileEncoding = 4; lastKnownFileType = sourcecode.c.objc; path = NKRepository.m; sourceTree = "<group>"; };
		80D2DAB21D33D05300D37BC7 /* NSArray+SQExtended.h */ = {isa = PBXFileReference; fileEncoding = 4; lastKnownFileType = sourcecode.c.h; path = "NSArray+SQExtended.h"; sourceTree = "<group>"; };
		80D2DAB31D33D05300D37BC7 /* NSArray+SQExtended.m */ = {isa = PBXFileReference; fileEncoding = 4; lastKnownFileType = sourcecode.c.objc; path = "NSArray+SQExtended.m"; sourceTree = "<group>"; };
/* End PBXFileReference section */

/* Begin PBXFrameworksBuildPhase section */
		806B2EA31D33317B00410910 /* Frameworks */ = {
			isa = PBXFrameworksBuildPhase;
			buildActionMask = 2147483647;
			files = (
				FF7C4E33684FB8591B6884B4 /* libPods-SearchRepositories.a in Frameworks */,
			);
			runOnlyForDeploymentPostprocessing = 0;
		};
/* End PBXFrameworksBuildPhase section */

/* Begin PBXGroup section */
		8062AA251D34B6F600A01BD1 /* Base */ = {
			isa = PBXGroup;
			children = (
				8062AA271D34B71E00A01BD1 /* NKTableViewCell.h */,
				8062AA281D34B71E00A01BD1 /* NKTableViewCell.m */,
			);
			path = Base;
			sourceTree = "<group>";
		};
		8062AA261D34B70400A01BD1 /* Repository */ = {
			isa = PBXGroup;
			children = (
				8062AA2A1D34B73B00A01BD1 /* NKRepositoryCell.h */,
				8062AA2B1D34B73B00A01BD1 /* NKRepositoryCell.m */,
				8062AA2D1D34B79700A01BD1 /* NKRepositoryCell.xib */,
			);
			path = Repository;
			sourceTree = "<group>";
		};
		8062AA2F1D34BDFD00A01BD1 /* Data Source */ = {
			isa = PBXGroup;
			children = (
				8062AA301D34BE1C00A01BD1 /* NKRepositoryDataSource.h */,
				8062AA311D34BE1C00A01BD1 /* NKRepositoryDataSource.m */,
			);
			path = "Data Source";
			sourceTree = "<group>";
		};
		8062AA331D34D51700A01BD1 /* Page Loading */ = {
			isa = PBXGroup;
			children = (
				8062AA361D34D51700A01BD1 /* NumberPageLoading.h */,
				8062AA371D34D51700A01BD1 /* NumberPageLoading.m */,
				8062AA381D34D51700A01BD1 /* PageLoading.h */,
				8062AA391D34D51700A01BD1 /* PageLoading.m */,
				8062AA3A1D34D51700A01BD1 /* PageLoadingIndicator.h */,
				8062AA3B1D34D51700A01BD1 /* PageLoadingIndicator.m */,
			);
			path = "Page Loading";
			sourceTree = "<group>";
		};
		8062AA401D34F9CB00A01BD1 /* Blank View */ = {
			isa = PBXGroup;
			children = (
				8062AA411D34F9FB00A01BD1 /* NKBlankView.h */,
				8062AA421D34F9FB00A01BD1 /* NKBlankView.m */,
			);
			path = "Blank View";
			sourceTree = "<group>";
		};
		8062AA441D3526D100A01BD1 /* Local Storage */ = {
			isa = PBXGroup;
			children = (
				8062AA461D3527CA00A01BD1 /* User Defaults Storage */,
				8062AA451D35279900A01BD1 /* NKLocalStorage.h */,
			);
			path = "Local Storage";
			sourceTree = "<group>";
		};
		8062AA461D3527CA00A01BD1 /* User Defaults Storage */ = {
			isa = PBXGroup;
			children = (
				8062AA471D3527DB00A01BD1 /* NKUserDefaultsStorage.h */,
				8062AA481D3527DB00A01BD1 /* NKUserDefaultsStorage.m */,
			);
			path = "User Defaults Storage";
			sourceTree = "<group>";
		};
		8062AA4A1D35DBF300A01BD1 /* Colors */ = {
			isa = PBXGroup;
			children = (
				8062AA4B1D35DBFE00A01BD1 /* UIColor+NKApplicationColor.h */,
				8062AA4C1D35DBFE00A01BD1 /* UIColor+NKApplicationColor.m */,
			);
			path = Colors;
			sourceTree = "<group>";
		};
		8062AA4E1D35DC0A00A01BD1 /* Images */ = {
			isa = PBXGroup;
			children = (
				8062AA4F1D35DC1D00A01BD1 /* UIImage+NKApplicationImage.h */,
				8062AA501D35DC1D00A01BD1 /* UIImage+NKApplicationImage.m */,
			);
			path = Images;
			sourceTree = "<group>";
		};
		8062AA521D35DC2300A01BD1 /* Helpers */ = {
			isa = PBXGroup;
			children = (
				80D2DAB21D33D05300D37BC7 /* NSArray+SQExtended.h */,
				80D2DAB31D33D05300D37BC7 /* NSArray+SQExtended.m */,
			);
			path = Helpers;
			sourceTree = "<group>";
		};
		8062AA601D35E5A600A01BD1 /* Custom views */ = {
			isa = PBXGroup;
			children = (
				8062AA401D34F9CB00A01BD1 /* Blank View */,
			);
			path = "Custom views";
			sourceTree = "<group>";
		};
		8062AA611D35EE8000A01BD1 /* Assembly */ = {
			isa = PBXGroup;
			children = (
				8062AA621D35EEA200A01BD1 /* NKBaseAssembly.h */,
				8062AA631D35EEA200A01BD1 /* NKBaseAssembly.m */,
			);
			path = Assembly;
			sourceTree = "<group>";
		};
		8062AA651D35EF1100A01BD1 /* Assembly */ = {
			isa = PBXGroup;
			children = (
				8062AA661D35EF2300A01BD1 /* NKServicesAssembly.h */,
				8062AA671D35EF2300A01BD1 /* NKServicesAssembly.m */,
			);
			path = Assembly;
			sourceTree = "<group>";
		};
		806B2E9D1D33317B00410910 = {
			isa = PBXGroup;
			children = (
				806B2EA81D33317B00410910 /* SearchRepositories */,
				BC5EE4ACC9D90E733C97FA3A /* Frameworks */,
				DD6CE8F4647BF10C9B4FAA92 /* Pods */,
				806B2EA71D33317B00410910 /* Products */,
			);
			sourceTree = "<group>";
		};
		806B2EA71D33317B00410910 /* Products */ = {
			isa = PBXGroup;
			children = (
				806B2EA61D33317B00410910 /* SearchRepositories.app */,
			);
			name = Products;
			sourceTree = "<group>";
		};
		806B2EA81D33317B00410910 /* SearchRepositories */ = {
			isa = PBXGroup;
			children = (
				806B2EC01D33322C00410910 /* Application */,
				806B2EC11D33323B00410910 /* Common */,
				806B2EC31D33329D00410910 /* Resources */,
				806B2EC51D3332E900410910 /* Storyboards */,
				806B2EA91D33317B00410910 /* Supporting Files */,
				806B2EC21D33326900410910 /* UserStories */,
			);
			path = SearchRepositories;
			sourceTree = "<group>";
		};
		806B2EA91D33317B00410910 /* Supporting Files */ = {
			isa = PBXGroup;
			children = (
				806B2EBA1D33317B00410910 /* Info.plist */,
				806B2EAA1D33317B00410910 /* main.m */,
			);
			path = "Supporting Files";
			sourceTree = "<group>";
		};
		806B2EC01D33322C00410910 /* Application */ = {
			isa = PBXGroup;
			children = (
				806B2EAC1D33317B00410910 /* AppDelegate.h */,
				806B2EAD1D33317B00410910 /* AppDelegate.m */,
			);
			path = Application;
			sourceTree = "<group>";
		};
		806B2EC11D33323B00410910 /* Common */ = {
			isa = PBXGroup;
			children = (
				8062AA611D35EE8000A01BD1 /* Assembly */,
				80D2DAB11D33D04C00D37BC7 /* Categories */,
				80D2DAAC1D33C7A400D37BC7 /* Model */,
				806B2F091D33529300410910 /* Presenter */,
				806B2F211D33927700410910 /* Service */,
				806B2F071D33523800410910 /* View */,
			);
			path = Common;
			sourceTree = "<group>";
		};
		806B2EC21D33326900410910 /* UserStories */ = {
			isa = PBXGroup;
			children = (
				806B2EC71D33338800410910 /* Favorites */,
				806B2EC61D33337B00410910 /* Search */,
			);
			path = UserStories;
			sourceTree = "<group>";
		};
		806B2EC31D33329D00410910 /* Resources */ = {
			isa = PBXGroup;
			children = (
				806B2EC41D3332B600410910 /* Assets */,
				806B2ECE1D33349D00410910 /* Images */,
				806B2ECF1D3334AB00410910 /* Strings */,
			);
			path = Resources;
			sourceTree = "<group>";
		};
		806B2EC41D3332B600410910 /* Assets */ = {
			isa = PBXGroup;
			children = (
				806B2EB51D33317B00410910 /* Assets.xcassets */,
			);
			path = Assets;
			sourceTree = "<group>";
		};
		806B2EC51D3332E900410910 /* Storyboards */ = {
			isa = PBXGroup;
			children = (
				806B2EB71D33317B00410910 /* LaunchScreen.storyboard */,
				806B2EB21D33317B00410910 /* Main.storyboard */,
			);
			path = Storyboards;
			sourceTree = "<group>";
		};
		806B2EC61D33337B00410910 /* Search */ = {
			isa = PBXGroup;
			children = (
				806B2ECB1D33344400410910 /* Assembly */,
				806B2ECC1D33344400410910 /* Presenter */,
				806B2ECD1D33344400410910 /* View */,
			);
			path = Search;
			sourceTree = "<group>";
		};
		806B2EC71D33338800410910 /* Favorites */ = {
			isa = PBXGroup;
			children = (
				806B2EC81D33342C00410910 /* Assembly */,
				806B2EC91D33342C00410910 /* Presenter */,
				806B2ECA1D33342C00410910 /* View */,
			);
			path = Favorites;
			sourceTree = "<group>";
		};
		806B2EC81D33342C00410910 /* Assembly */ = {
			isa = PBXGroup;
			children = (
				8062AA5B1D35E53800A01BD1 /* NKFavoritesAssembly.h */,
				8062AA5C1D35E53800A01BD1 /* NKFavoritesAssembly.m */,
			);
			path = Assembly;
			sourceTree = "<group>";
		};
		806B2EC91D33342C00410910 /* Presenter */ = {
			isa = PBXGroup;
			children = (
				8062AA541D35E4F600A01BD1 /* NKFavoritesPresenter.h */,
				8062AA551D35E4F600A01BD1 /* NKFavoritesPresenter.m */,
			);
			path = Presenter;
			sourceTree = "<group>";
		};
		806B2ECA1D33342C00410910 /* View */ = {
			isa = PBXGroup;
			children = (
				806B2F031D334A2100410910 /* Controller */,
				8062AA5E1D35E57600A01BD1 /* NKFavoritesViewInput.h */,
				8062AA5F1D35E58600A01BD1 /* NKFavoritesViewOutput.h */,
			);
			path = View;
			sourceTree = "<group>";
		};
		806B2ECB1D33344400410910 /* Assembly */ = {
			isa = PBXGroup;
			children = (
				806B2F1E1D338F1700410910 /* NKSearchAssembly.h */,
				806B2F1F1D338F1700410910 /* NKSearchAssembly.m */,
			);
			path = Assembly;
			sourceTree = "<group>";
		};
		806B2ECC1D33344400410910 /* Presenter */ = {
			isa = PBXGroup;
			children = (
				806B2F121D3353FD00410910 /* NKSearchPresenter.h */,
				806B2F131D3353FD00410910 /* NKSearchPresenter.m */,
			);
			path = Presenter;
			sourceTree = "<group>";
		};
		806B2ECD1D33344400410910 /* View */ = {
			isa = PBXGroup;
			children = (
				806B2EFF1D33483D00410910 /* Controller */,
				806B2F191D33555400410910 /* NKSearchViewInput.h */,
				806B2F181D33554300410910 /* NKSearchViewOutput.h */,
			);
			path = View;
			sourceTree = "<group>";
		};
		806B2ECE1D33349D00410910 /* Images */ = {
			isa = PBXGroup;
			children = (
				806B2ED01D33373000410910 /* Icons */,
				806B2EF51D33393100410910 /* Octocat@3x.png */,
			);
			path = Images;
			sourceTree = "<group>";
		};
		806B2ECF1D3334AB00410910 /* Strings */ = {
			isa = PBXGroup;
			children = (
				806B2F1C1D338A0500410910 /* Localizable.strings */,
			);
			path = Strings;
			sourceTree = "<group>";
		};
		806B2ED01D33373000410910 /* Icons */ = {
			isa = PBXGroup;
			children = (
				806B2EE91D33391900410910 /* empty_star@2x.png */,
				806B2EEA1D33391900410910 /* empty_star@3x.png */,
				806B2EEB1D33391900410910 /* fork@2x.png */,
				806B2EEC1D33391900410910 /* fork@3x.png */,
				806B2EED1D33391900410910 /* star@2x.png */,
				806B2EEE1D33391900410910 /* star@3x.png */,
			);
			path = Icons;
			sourceTree = "<group>";
		};
		806B2EFF1D33483D00410910 /* Controller */ = {
			isa = PBXGroup;
			children = (
				806B2F001D33486300410910 /* NKSearchController.h */,
				806B2F011D33486300410910 /* NKSearchController.m */,
			);
			path = Controller;
			sourceTree = "<group>";
		};
		806B2F031D334A2100410910 /* Controller */ = {
			isa = PBXGroup;
			children = (
				806B2F041D334A3700410910 /* NKFavoritesController.h */,
				806B2F051D334A3700410910 /* NKFavoritesController.m */,
			);
			path = Controller;
			sourceTree = "<group>";
		};
		806B2F071D33523800410910 /* View */ = {
			isa = PBXGroup;
			children = (
				806B2F081D33523800410910 /* Cells */,
				806B2F0E1D33531400410910 /* Controller */,
				8062AA601D35E5A600A01BD1 /* Custom views */,
				8062AA2F1D34BDFD00A01BD1 /* Data Source */,
				8062AA331D34D51700A01BD1 /* Page Loading */,
				806B2F1A1D3357ED00410910 /* NKViewInput.h */,
				806B2F1B1D3357FA00410910 /* NKViewOutput.h */,
			);
			path = View;
			sourceTree = "<group>";
		};
		806B2F081D33523800410910 /* Cells */ = {
			isa = PBXGroup;
			children = (
				8062AA251D34B6F600A01BD1 /* Base */,
				8062AA261D34B70400A01BD1 /* Repository */,
			);
			path = Cells;
			sourceTree = "<group>";
		};
		806B2F091D33529300410910 /* Presenter */ = {
			isa = PBXGroup;
			children = (
				806B2F0A1D3352A900410910 /* NKBasePresenter.h */,
				806B2F0B1D3352A900410910 /* NKBasePresenter.m */,
			);
			path = Presenter;
			sourceTree = "<group>";
		};
		806B2F0E1D33531400410910 /* Controller */ = {
			isa = PBXGroup;
			children = (
				806B2F0F1D33532900410910 /* NKBaseController.h */,
				806B2F101D33532900410910 /* NKBaseController.m */,
			);
			path = Controller;
			sourceTree = "<group>";
		};
		806B2F211D33927700410910 /* Service */ = {
			isa = PBXGroup;
			children = (
				8062AA651D35EF1100A01BD1 /* Assembly */,
				80D2DA9E1D3393AB00D37BC7 /* Base */,
				8062AA441D3526D100A01BD1 /* Local Storage */,
				80D2DAA71D33AC3100D37BC7 /* Search */,
			);
			path = Service;
			sourceTree = "<group>";
		};
		80D2DA9E1D3393AB00D37BC7 /* Base */ = {
			isa = PBXGroup;
			children = (
				80D2DAA01D3393D900D37BC7 /* NKAPIService.h */,
				80D2DAA11D3393D900D37BC7 /* NKAPIService.m */,
			);
			path = Base;
			sourceTree = "<group>";
		};
		80D2DAA71D33AC3100D37BC7 /* Search */ = {
			isa = PBXGroup;
			children = (
				80D2DAA91D33ACF500D37BC7 /* NKAPISearchService.h */,
				80D2DAAA1D33ACF500D37BC7 /* NKAPISearchService.m */,
				80D2DAA81D33AC5C00D37BC7 /* NKSearchService.h */,
			);
			path = Search;
			sourceTree = "<group>";
		};
		80D2DAAC1D33C7A400D37BC7 /* Model */ = {
			isa = PBXGroup;
			children = (
				80D2DAAD1D33C7B900D37BC7 /* Plain */,
			);
			path = Model;
			sourceTree = "<group>";
		};
		80D2DAAD1D33C7B900D37BC7 /* Plain */ = {
			isa = PBXGroup;
			children = (
				80D2DAAE1D33C7EC00D37BC7 /* NKRepository.h */,
				80D2DAAF1D33C7EC00D37BC7 /* NKRepository.m */,
			);
			path = Plain;
			sourceTree = "<group>";
		};
		80D2DAB11D33D04C00D37BC7 /* Categories */ = {
			isa = PBXGroup;
			children = (
				8062AA4A1D35DBF300A01BD1 /* Colors */,
				8062AA521D35DC2300A01BD1 /* Helpers */,
				8062AA4E1D35DC0A00A01BD1 /* Images */,
			);
			path = Categories;
			sourceTree = "<group>";
		};
		BC5EE4ACC9D90E733C97FA3A /* Frameworks */ = {
			isa = PBXGroup;
			children = (
				0EB491FF55C962E57E60FC5B /* libPods-SearchRepositories.a */,
			);
			name = Frameworks;
			sourceTree = "<group>";
		};
		DD6CE8F4647BF10C9B4FAA92 /* Pods */ = {
			isa = PBXGroup;
			children = (
				7DD7F36D5F910FFC4656D7CE /* Pods-SearchRepositories.debug.xcconfig */,
				29F1098CA1B5F9743A297230 /* Pods-SearchRepositories.release.xcconfig */,
			);
			name = Pods;
			sourceTree = "<group>";
		};
/* End PBXGroup section */

/* Begin PBXNativeTarget section */
		806B2EA51D33317B00410910 /* SearchRepositories */ = {
			isa = PBXNativeTarget;
			buildConfigurationList = 806B2EBD1D33317B00410910 /* Build configuration list for PBXNativeTarget "SearchRepositories" */;
			buildPhases = (
				E8E883FCFDBF648463AAA508 /* [CP] Check Pods Manifest.lock */,
				806B2EA21D33317B00410910 /* Sources */,
				806B2EA31D33317B00410910 /* Frameworks */,
				806B2EA41D33317B00410910 /* Resources */,
				3EE74868B6BE573C32885FFF /* [CP] Embed Pods Frameworks */,
				A71C36AD7C2BBF06990063A1 /* [CP] Copy Pods Resources */,
			);
			buildRules = (
			);
			dependencies = (
			);
			name = SearchRepositories;
			productName = SearchRepositories;
			productReference = 806B2EA61D33317B00410910 /* SearchRepositories.app */;
			productType = "com.apple.product-type.application";
		};
/* End PBXNativeTarget section */

/* Begin PBXProject section */
		806B2E9E1D33317B00410910 /* Project object */ = {
			isa = PBXProject;
			attributes = {
				CLASSPREFIX = NK;
				LastUpgradeCheck = 0730;
				ORGANIZATIONNAME = "Nikolay Kagala";
				TargetAttributes = {
					806B2EA51D33317B00410910 = {
						CreatedOnToolsVersion = 7.3.1;
					};
				};
			};
			buildConfigurationList = 806B2EA11D33317B00410910 /* Build configuration list for PBXProject "SearchRepositories" */;
			compatibilityVersion = "Xcode 3.2";
			developmentRegion = English;
			hasScannedForEncodings = 0;
			knownRegions = (
				en,
				Base,
			);
			mainGroup = 806B2E9D1D33317B00410910;
			productRefGroup = 806B2EA71D33317B00410910 /* Products */;
			projectDirPath = "";
			projectRoot = "";
			targets = (
				806B2EA51D33317B00410910 /* SearchRepositories */,
			);
		};
/* End PBXProject section */

/* Begin PBXResourcesBuildPhase section */
		806B2EA41D33317B00410910 /* Resources */ = {
			isa = PBXResourcesBuildPhase;
			buildActionMask = 2147483647;
			files = (
				806B2EF41D33391900410910 /* star@3x.png in Resources */,
				806B2EF01D33391900410910 /* empty_star@3x.png in Resources */,
				806B2F1D1D338A0500410910 /* Localizable.strings in Resources */,
				806B2EB91D33317B00410910 /* LaunchScreen.storyboard in Resources */,
				806B2EF31D33391900410910 /* star@2x.png in Resources */,
				806B2EF11D33391900410910 /* fork@2x.png in Resources */,
				806B2EF21D33391900410910 /* fork@3x.png in Resources */,
				806B2EB61D33317B00410910 /* Assets.xcassets in Resources */,
				806B2EF61D33393100410910 /* Octocat@3x.png in Resources */,
				806B2EEF1D33391900410910 /* empty_star@2x.png in Resources */,
				8062AA2E1D34B79700A01BD1 /* NKRepositoryCell.xib in Resources */,
				806B2EB41D33317B00410910 /* Main.storyboard in Resources */,
			);
			runOnlyForDeploymentPostprocessing = 0;
		};
/* End PBXResourcesBuildPhase section */

/* Begin PBXShellScriptBuildPhase section */
		3EE74868B6BE573C32885FFF /* [CP] Embed Pods Frameworks */ = {
			isa = PBXShellScriptBuildPhase;
			buildActionMask = 2147483647;
			files = (
			);
			inputPaths = (
			);
			name = "[CP] Embed Pods Frameworks";
			outputPaths = (
			);
			runOnlyForDeploymentPostprocessing = 0;
			shellPath = /bin/sh;
			shellScript = "\"${SRCROOT}/Pods/Target Support Files/Pods-SearchRepositories/Pods-SearchRepositories-frameworks.sh\"\n";
			showEnvVarsInLog = 0;
		};
		A71C36AD7C2BBF06990063A1 /* [CP] Copy Pods Resources */ = {
			isa = PBXShellScriptBuildPhase;
			buildActionMask = 2147483647;
			files = (
			);
			inputPaths = (
			);
			name = "[CP] Copy Pods Resources";
			outputPaths = (
			);
			runOnlyForDeploymentPostprocessing = 0;
			shellPath = /bin/sh;
			shellScript = "\"${SRCROOT}/Pods/Target Support Files/Pods-SearchRepositories/Pods-SearchRepositories-resources.sh\"\n";
			showEnvVarsInLog = 0;
		};
		E8E883FCFDBF648463AAA508 /* [CP] Check Pods Manifest.lock */ = {
			isa = PBXShellScriptBuildPhase;
			buildActionMask = 2147483647;
			files = (
			);
			inputPaths = (
			);
			name = "[CP] Check Pods Manifest.lock";
			outputPaths = (
			);
			runOnlyForDeploymentPostprocessing = 0;
			shellPath = /bin/sh;
			shellScript = "diff \"${PODS_ROOT}/../Podfile.lock\" \"${PODS_ROOT}/Manifest.lock\" > /dev/null\nif [[ $? != 0 ]] ; then\n    cat << EOM\nerror: The sandbox is not in sync with the Podfile.lock. Run 'pod install' or update your CocoaPods installation.\nEOM\n    exit 1\nfi\n";
			showEnvVarsInLog = 0;
		};
/* End PBXShellScriptBuildPhase section */

/* Begin PBXSourcesBuildPhase section */
		806B2EA21D33317B00410910 /* Sources */ = {
			isa = PBXSourcesBuildPhase;
			buildActionMask = 2147483647;
			files = (
				806B2EAE1D33317B00410910 /* AppDelegate.m in Sources */,
				8062AA3F1D34D51700A01BD1 /* PageLoadingIndicator.m in Sources */,
				80D2DAAB1D33ACF500D37BC7 /* NKAPISearchService.m in Sources */,
				806B2F021D33486300410910 /* NKSearchController.m in Sources */,
				8062AA5D1D35E53800A01BD1 /* NKFavoritesAssembly.m in Sources */,
				8062AA3D1D34D51700A01BD1 /* NumberPageLoading.m in Sources */,
				8062AA681D35EF2300A01BD1 /* NKServicesAssembly.m in Sources */,
				8062AA321D34BE1C00A01BD1 /* NKRepositoryDataSource.m in Sources */,
				806B2F061D334A3700410910 /* NKFavoritesController.m in Sources */,
				8062AA291D34B71E00A01BD1 /* NKTableViewCell.m in Sources */,
				8062AA431D34F9FB00A01BD1 /* NKBlankView.m in Sources */,
				8062AA4D1D35DBFE00A01BD1 /* UIColor+NKApplicationColor.m in Sources */,
				806B2F0C1D3352A900410910 /* NKBasePresenter.m in Sources */,
				806B2F201D338F1700410910 /* NKSearchAssembly.m in Sources */,
				80D2DAA21D3393D900D37BC7 /* NKAPIService.m in Sources */,
				8062AA3E1D34D51700A01BD1 /* PageLoading.m in Sources */,
				8062AA2C1D34B73B00A01BD1 /* NKRepositoryCell.m in Sources */,
				80D2DAB41D33D05300D37BC7 /* NSArray+SQExtended.m in Sources */,
				806B2EAB1D33317B00410910 /* main.m in Sources */,
				8062AA641D35EEA200A01BD1 /* NKBaseAssembly.m in Sources */,
				8062AA511D35DC1D00A01BD1 /* UIImage+NKApplicationImage.m in Sources */,
				8062AA561D35E4F600A01BD1 /* NKFavoritesPresenter.m in Sources */,
				806B2F111D33532900410910 /* NKBaseController.m in Sources */,
				80D2DAB01D33C7EC00D37BC7 /* NKRepository.m in Sources */,
				806B2F141D3353FD00410910 /* NKSearchPresenter.m in Sources */,
				8062AA491D3527DB00A01BD1 /* NKUserDefaultsStorage.m in Sources */,
			);
			runOnlyForDeploymentPostprocessing = 0;
		};
/* End PBXSourcesBuildPhase section */

/* Begin PBXVariantGroup section */
		806B2EB21D33317B00410910 /* Main.storyboard */ = {
			isa = PBXVariantGroup;
			children = (
				806B2EB31D33317B00410910 /* Base */,
			);
			name = Main.storyboard;
			path = .;
			sourceTree = "<group>";
		};
		806B2EB71D33317B00410910 /* LaunchScreen.storyboard */ = {
			isa = PBXVariantGroup;
			children = (
				806B2EB81D33317B00410910 /* Base */,
			);
			name = LaunchScreen.storyboard;
			path = .;
			sourceTree = "<group>";
		};
/* End PBXVariantGroup section */

/* Begin XCBuildConfiguration section */
		806B2EBB1D33317B00410910 /* Debug */ = {
			isa = XCBuildConfiguration;
			buildSettings = {
				ALWAYS_SEARCH_USER_PATHS = NO;
				CLANG_ANALYZER_NONNULL = YES;
				CLANG_CXX_LANGUAGE_STANDARD = "gnu++0x";
				CLANG_CXX_LIBRARY = "libc++";
				CLANG_ENABLE_MODULES = YES;
				CLANG_ENABLE_OBJC_ARC = YES;
				CLANG_WARN_BOOL_CONVERSION = YES;
				CLANG_WARN_CONSTANT_CONVERSION = YES;
				CLANG_WARN_DIRECT_OBJC_ISA_USAGE = YES_ERROR;
				CLANG_WARN_EMPTY_BODY = YES;
				CLANG_WARN_ENUM_CONVERSION = YES;
				CLANG_WARN_INT_CONVERSION = YES;
				CLANG_WARN_OBJC_ROOT_CLASS = YES_ERROR;
				CLANG_WARN_UNREACHABLE_CODE = YES;
				CLANG_WARN__DUPLICATE_METHOD_MATCH = YES;
				"CODE_SIGN_IDENTITY[sdk=iphoneos*]" = "iPhone Developer";
				COPY_PHASE_STRIP = NO;
				DEBUG_INFORMATION_FORMAT = dwarf;
				ENABLE_STRICT_OBJC_MSGSEND = YES;
				ENABLE_TESTABILITY = YES;
				GCC_C_LANGUAGE_STANDARD = gnu99;
				GCC_DYNAMIC_NO_PIC = NO;
				GCC_NO_COMMON_BLOCKS = YES;
				GCC_OPTIMIZATION_LEVEL = 0;
				GCC_PREPROCESSOR_DEFINITIONS = (
					"DEBUG=1",
					"$(inherited)",
				);
				GCC_WARN_64_TO_32_BIT_CONVERSION = YES;
				GCC_WARN_ABOUT_RETURN_TYPE = YES_ERROR;
				GCC_WARN_UNDECLARED_SELECTOR = YES;
				GCC_WARN_UNINITIALIZED_AUTOS = YES_AGGRESSIVE;
				GCC_WARN_UNUSED_FUNCTION = YES;
				GCC_WARN_UNUSED_VARIABLE = YES;
				IPHONEOS_DEPLOYMENT_TARGET = 9.3;
				MTL_ENABLE_DEBUG_INFO = YES;
				ONLY_ACTIVE_ARCH = YES;
				SDKROOT = iphoneos;
				TARGETED_DEVICE_FAMILY = "1,2";
			};
			name = Debug;
		};
		806B2EBC1D33317B00410910 /* Release */ = {
			isa = XCBuildConfiguration;
			buildSettings = {
				ALWAYS_SEARCH_USER_PATHS = NO;
				CLANG_ANALYZER_NONNULL = YES;
				CLANG_CXX_LANGUAGE_STANDARD = "gnu++0x";
				CLANG_CXX_LIBRARY = "libc++";
				CLANG_ENABLE_MODULES = YES;
				CLANG_ENABLE_OBJC_ARC = YES;
				CLANG_WARN_BOOL_CONVERSION = YES;
				CLANG_WARN_CONSTANT_CONVERSION = YES;
				CLANG_WARN_DIRECT_OBJC_ISA_USAGE = YES_ERROR;
				CLANG_WARN_EMPTY_BODY = YES;
				CLANG_WARN_ENUM_CONVERSION = YES;
				CLANG_WARN_INT_CONVERSION = YES;
				CLANG_WARN_OBJC_ROOT_CLASS = YES_ERROR;
				CLANG_WARN_UNREACHABLE_CODE = YES;
				CLANG_WARN__DUPLICATE_METHOD_MATCH = YES;
				"CODE_SIGN_IDENTITY[sdk=iphoneos*]" = "iPhone Developer";
				COPY_PHASE_STRIP = NO;
				DEBUG_INFORMATION_FORMAT = "dwarf-with-dsym";
				ENABLE_NS_ASSERTIONS = NO;
				ENABLE_STRICT_OBJC_MSGSEND = YES;
				GCC_C_LANGUAGE_STANDARD = gnu99;
				GCC_NO_COMMON_BLOCKS = YES;
				GCC_WARN_64_TO_32_BIT_CONVERSION = YES;
				GCC_WARN_ABOUT_RETURN_TYPE = YES_ERROR;
				GCC_WARN_UNDECLARED_SELECTOR = YES;
				GCC_WARN_UNINITIALIZED_AUTOS = YES_AGGRESSIVE;
				GCC_WARN_UNUSED_FUNCTION = YES;
				GCC_WARN_UNUSED_VARIABLE = YES;
				IPHONEOS_DEPLOYMENT_TARGET = 9.3;
				MTL_ENABLE_DEBUG_INFO = NO;
				SDKROOT = iphoneos;
				TARGETED_DEVICE_FAMILY = "1,2";
				VALIDATE_PRODUCT = YES;
			};
			name = Release;
		};
		806B2EBE1D33317B00410910 /* Debug */ = {
			isa = XCBuildConfiguration;
			baseConfigurationReference = 7DD7F36D5F910FFC4656D7CE /* Pods-SearchRepositories.debug.xcconfig */;
			buildSettings = {
				ASSETCATALOG_COMPILER_APPICON_NAME = AppIcon;
				INFOPLIST_FILE = "SearchRepositories/Supporting Files/Info.plist";
				IPHONEOS_DEPLOYMENT_TARGET = 8.0;
				LD_RUNPATH_SEARCH_PATHS = "$(inherited) @executable_path/Frameworks";
				PRODUCT_BUNDLE_IDENTIFIER = nibelungc.SearchRepositories;
				PRODUCT_NAME = "$(TARGET_NAME)";
			};
			name = Debug;
		};
		806B2EBF1D33317B00410910 /* Release */ = {
			isa = XCBuildConfiguration;
			baseConfigurationReference = 29F1098CA1B5F9743A297230 /* Pods-SearchRepositories.release.xcconfig */;
			buildSettings = {
				ASSETCATALOG_COMPILER_APPICON_NAME = AppIcon;
				INFOPLIST_FILE = "SearchRepositories/Supporting Files/Info.plist";
				IPHONEOS_DEPLOYMENT_TARGET = 8.0;
				LD_RUNPATH_SEARCH_PATHS = "$(inherited) @executable_path/Frameworks";
				PRODUCT_BUNDLE_IDENTIFIER = nibelungc.SearchRepositories;
				PRODUCT_NAME = "$(TARGET_NAME)";
			};
			name = Release;
		};
/* End XCBuildConfiguration section */

/* Begin XCConfigurationList section */
		806B2EA11D33317B00410910 /* Build configuration list for PBXProject "SearchRepositories" */ = {
			isa = XCConfigurationList;
			buildConfigurations = (
				806B2EBB1D33317B00410910 /* Debug */,
				806B2EBC1D33317B00410910 /* Release */,
			);
			defaultConfigurationIsVisible = 0;
			defaultConfigurationName = Release;
		};
		806B2EBD1D33317B00410910 /* Build configuration list for PBXNativeTarget "SearchRepositories" */ = {
			isa = XCConfigurationList;
			buildConfigurations = (
				806B2EBE1D33317B00410910 /* Debug */,
				806B2EBF1D33317B00410910 /* Release */,
			);
			defaultConfigurationIsVisible = 0;
			defaultConfigurationName = Release;
		};
/* End XCConfigurationList section */
	};
	rootObject = 806B2E9E1D33317B00410910 /* Project object */;
}
