// !$*UTF8*$!
{
	archiveVersion = 1;
	classes = {
	};
	objectVersion = 46;
	objects = {

/* Begin PBXBuildFile section */
		806B2EAB1D33317B00410910 /* main.m in Sources */ = {isa = PBXBuildFile; fileRef = 806B2EAA1D33317B00410910 /* main.m */; };
		806B2EAE1D33317B00410910 /* AppDelegate.m in Sources */ = {isa = PBXBuildFile; fileRef = 806B2EAD1D33317B00410910 /* AppDelegate.m */; };
		806B2EB41D33317B00410910 /* Main.storyboard in Resources */ = {isa = PBXBuildFile; fileRef = 806B2EB21D33317B00410910 /* Main.storyboard */; };
		806B2EB61D33317B00410910 /* Assets.xcassets in Resources */ = {isa = PBXBuildFile; fileRef = 806B2EB51D33317B00410910 /* Assets.xcassets */; };
		806B2EB91D33317B00410910 /* LaunchScreen.storyboard in Resources */ = {isa = PBXBuildFile; fileRef = 806B2EB71D33317B00410910 /* LaunchScreen.storyboard */; };
		806B2EEF1D33391900410910 /* empty_star@2x.png in Resources */ = {isa = PBXBuildFile; fileRef = 806B2EE91D33391900410910 /* empty_star@2x.png */; };
		806B2EF01D33391900410910 /* empty_star@3x.png in Resources */ = {isa = PBXBuildFile; fileRef = 806B2EEA1D33391900410910 /* empty_star@3x.png */; };
		806B2EF11D33391900410910 /* fork@2x.png in Resources */ = {isa = PBXBuildFile; fileRef = 806B2EEB1D33391900410910 /* fork@2x.png */; };
		806B2EF21D33391900410910 /* fork@3x.png in Resources */ = {isa = PBXBuildFile; fileRef = 806B2EEC1D33391900410910 /* fork@3x.png */; };
		806B2EF31D33391900410910 /* star@2x.png in Resources */ = {isa = PBXBuildFile; fileRef = 806B2EED1D33391900410910 /* star@2x.png */; };
		806B2EF41D33391900410910 /* star@3x.png in Resources */ = {isa = PBXBuildFile; fileRef = 806B2EEE1D33391900410910 /* star@3x.png */; };
		806B2EF61D33393100410910 /* Octocat@3x.png in Resources */ = {isa = PBXBuildFile; fileRef = 806B2EF51D33393100410910 /* Octocat@3x.png */; };
		806B2F021D33486300410910 /* NKSearchController.m in Sources */ = {isa = PBXBuildFile; fileRef = 806B2F011D33486300410910 /* NKSearchController.m */; };
		806B2F061D334A3700410910 /* NKFavoritesController.m in Sources */ = {isa = PBXBuildFile; fileRef = 806B2F051D334A3700410910 /* NKFavoritesController.m */; };
		806B2F0C1D3352A900410910 /* NKBasePresenter.m in Sources */ = {isa = PBXBuildFile; fileRef = 806B2F0B1D3352A900410910 /* NKBasePresenter.m */; };
		806B2F111D33532900410910 /* NKBaseController.m in Sources */ = {isa = PBXBuildFile; fileRef = 806B2F101D33532900410910 /* NKBaseController.m */; };
		806B2F141D3353FD00410910 /* NKSearchPresenter.m in Sources */ = {isa = PBXBuildFile; fileRef = 806B2F131D3353FD00410910 /* NKSearchPresenter.m */; };
		806B2F1D1D338A0500410910 /* Localizable.strings in Resources */ = {isa = PBXBuildFile; fileRef = 806B2F1C1D338A0500410910 /* Localizable.strings */; };
		806B2F201D338F1700410910 /* NKSearchAssembly.m in Sources */ = {isa = PBXBuildFile; fileRef = 806B2F1F1D338F1700410910 /* NKSearchAssembly.m */; };
		FF7C4E33684FB8591B6884B4 /* libPods-SearchRepositories.a in Frameworks */ = {isa = PBXBuildFile; fileRef = 0EB491FF55C962E57E60FC5B /* libPods-SearchRepositories.a */; };
/* End PBXBuildFile section */

/* Begin PBXFileReference section */
		0EB491FF55C962E57E60FC5B /* libPods-SearchRepositories.a */ = {isa = PBXFileReference; explicitFileType = archive.ar; includeInIndex = 0; path = "libPods-SearchRepositories.a"; sourceTree = BUILT_PRODUCTS_DIR; };
		29F1098CA1B5F9743A297230 /* Pods-SearchRepositories.release.xcconfig */ = {isa = PBXFileReference; includeInIndex = 1; lastKnownFileType = text.xcconfig; name = "Pods-SearchRepositories.release.xcconfig"; path = "Pods/Target Support Files/Pods-SearchRepositories/Pods-SearchRepositories.release.xcconfig"; sourceTree = "<group>"; };
		7DD7F36D5F910FFC4656D7CE /* Pods-SearchRepositories.debug.xcconfig */ = {isa = PBXFileReference; includeInIndex = 1; lastKnownFileType = text.xcconfig; name = "Pods-SearchRepositories.debug.xcconfig"; path = "Pods/Target Support Files/Pods-SearchRepositories/Pods-SearchRepositories.debug.xcconfig"; sourceTree = "<group>"; };
		806B2EA61D33317B00410910 /* SearchRepositories.app */ = {isa = PBXFileReference; explicitFileType = wrapper.application; includeInIndex = 0; path = SearchRepositories.app; sourceTree = BUILT_PRODUCTS_DIR; };
		806B2EAA1D33317B00410910 /* main.m */ = {isa = PBXFileReference; lastKnownFileType = sourcecode.c.objc; path = main.m; sourceTree = "<group>"; };
		806B2EAC1D33317B00410910 /* AppDelegate.h */ = {isa = PBXFileReference; lastKnownFileType = sourcecode.c.h; path = AppDelegate.h; sourceTree = "<group>"; };
		806B2EAD1D33317B00410910 /* AppDelegate.m */ = {isa = PBXFileReference; lastKnownFileType = sourcecode.c.objc; path = AppDelegate.m; sourceTree = "<group>"; };
		806B2EB31D33317B00410910 /* Base */ = {isa = PBXFileReference; lastKnownFileType = file.storyboard; name = Base; path = Base.lproj/Main.storyboard; sourceTree = "<group>"; };
		806B2EB51D33317B00410910 /* Assets.xcassets */ = {isa = PBXFileReference; lastKnownFileType = folder.assetcatalog; path = Assets.xcassets; sourceTree = "<group>"; };
		806B2EB81D33317B00410910 /* Base */ = {isa = PBXFileReference; lastKnownFileType = file.storyboard; name = Base; path = Base.lproj/LaunchScreen.storyboard; sourceTree = "<group>"; };
		806B2EBA1D33317B00410910 /* Info.plist */ = {isa = PBXFileReference; lastKnownFileType = text.plist.xml; path = Info.plist; sourceTree = "<group>"; };
		806B2EE91D33391900410910 /* empty_star@2x.png */ = {isa = PBXFileReference; lastKnownFileType = image.png; path = "empty_star@2x.png"; sourceTree = "<group>"; };
		806B2EEA1D33391900410910 /* empty_star@3x.png */ = {isa = PBXFileReference; lastKnownFileType = image.png; path = "empty_star@3x.png"; sourceTree = "<group>"; };
		806B2EEB1D33391900410910 /* fork@2x.png */ = {isa = PBXFileReference; lastKnownFileType = image.png; path = "fork@2x.png"; sourceTree = "<group>"; };
		806B2EEC1D33391900410910 /* fork@3x.png */ = {isa = PBXFileReference; lastKnownFileType = image.png; path = "fork@3x.png"; sourceTree = "<group>"; };
		806B2EED1D33391900410910 /* star@2x.png */ = {isa = PBXFileReference; lastKnownFileType = image.png; path = "star@2x.png"; sourceTree = "<group>"; };
		806B2EEE1D33391900410910 /* star@3x.png */ = {isa = PBXFileReference; lastKnownFileType = image.png; path = "star@3x.png"; sourceTree = "<group>"; };
		806B2EF51D33393100410910 /* Octocat@3x.png */ = {isa = PBXFileReference; lastKnownFileType = image.png; path = "Octocat@3x.png"; sourceTree = "<group>"; };
		806B2F001D33486300410910 /* NKSearchController.h */ = {isa = PBXFileReference; fileEncoding = 4; lastKnownFileType = sourcecode.c.h; path = NKSearchController.h; sourceTree = "<group>"; };
		806B2F011D33486300410910 /* NKSearchController.m */ = {isa = PBXFileReference; fileEncoding = 4; lastKnownFileType = sourcecode.c.objc; path = NKSearchController.m; sourceTree = "<group>"; };
		806B2F041D334A3700410910 /* NKFavoritesController.h */ = {isa = PBXFileReference; fileEncoding = 4; lastKnownFileType = sourcecode.c.h; path = NKFavoritesController.h; sourceTree = "<group>"; };
		806B2F051D334A3700410910 /* NKFavoritesController.m */ = {isa = PBXFileReference; fileEncoding = 4; lastKnownFileType = sourcecode.c.objc; path = NKFavoritesController.m; sourceTree = "<group>"; };
		806B2F0A1D3352A900410910 /* NKBasePresenter.h */ = {isa = PBXFileReference; fileEncoding = 4; lastKnownFileType = sourcecode.c.h; path = NKBasePresenter.h; sourceTree = "<group>"; };
		806B2F0B1D3352A900410910 /* NKBasePresenter.m */ = {isa = PBXFileReference; fileEncoding = 4; lastKnownFileType = sourcecode.c.objc; path = NKBasePresenter.m; sourceTree = "<group>"; };
		806B2F0F1D33532900410910 /* NKBaseController.h */ = {isa = PBXFileReference; fileEncoding = 4; lastKnownFileType = sourcecode.c.h; path = NKBaseController.h; sourceTree = "<group>"; };
		806B2F101D33532900410910 /* NKBaseController.m */ = {isa = PBXFileReference; fileEncoding = 4; lastKnownFileType = sourcecode.c.objc; path = NKBaseController.m; sourceTree = "<group>"; };
		806B2F121D3353FD00410910 /* NKSearchPresenter.h */ = {isa = PBXFileReference; fileEncoding = 4; lastKnownFileType = sourcecode.c.h; name = NKSearchPresenter.h; path = SearchRepositories/Common/View/Controller/NKSearchPresenter.h; sourceTree = SOURCE_ROOT; };
		806B2F131D3353FD00410910 /* NKSearchPresenter.m */ = {isa = PBXFileReference; fileEncoding = 4; lastKnownFileType = sourcecode.c.objc; name = NKSearchPresenter.m; path = SearchRepositories/Common/View/Controller/NKSearchPresenter.m; sourceTree = SOURCE_ROOT; };
		806B2F181D33554300410910 /* NKSearchViewOutput.h */ = {isa = PBXFileReference; fileEncoding = 4; lastKnownFileType = sourcecode.c.h; path = NKSearchViewOutput.h; sourceTree = "<group>"; };
		806B2F191D33555400410910 /* NKSearchViewInput.h */ = {isa = PBXFileReference; fileEncoding = 4; lastKnownFileType = sourcecode.c.h; path = NKSearchViewInput.h; sourceTree = "<group>"; };
		806B2F1A1D3357ED00410910 /* NKViewInput.h */ = {isa = PBXFileReference; fileEncoding = 4; lastKnownFileType = sourcecode.c.h; path = NKViewInput.h; sourceTree = "<group>"; };
		806B2F1B1D3357FA00410910 /* NKViewOutput.h */ = {isa = PBXFileReference; fileEncoding = 4; lastKnownFileType = sourcecode.c.h; path = NKViewOutput.h; sourceTree = "<group>"; };
		806B2F1C1D338A0500410910 /* Localizable.strings */ = {isa = PBXFileReference; fileEncoding = 4; lastKnownFileType = text.plist.strings; path = Localizable.strings; sourceTree = "<group>"; };
		806B2F1E1D338F1700410910 /* NKSearchAssembly.h */ = {isa = PBXFileReference; fileEncoding = 4; lastKnownFileType = sourcecode.c.h; name = NKSearchAssembly.h; path = SearchRepositories/Resources/Strings/NKSearchAssembly.h; sourceTree = SOURCE_ROOT; };
		806B2F1F1D338F1700410910 /* NKSearchAssembly.m */ = {isa = PBXFileReference; fileEncoding = 4; lastKnownFileType = sourcecode.c.objc; name = NKSearchAssembly.m; path = SearchRepositories/Resources/Strings/NKSearchAssembly.m; sourceTree = SOURCE_ROOT; };
/* End PBXFileReference section */

/* Begin PBXFrameworksBuildPhase section */
		806B2EA31D33317B00410910 /* Frameworks */ = {
			isa = PBXFrameworksBuildPhase;
			buildActionMask = 2147483647;
			files = (
				FF7C4E33684FB8591B6884B4 /* libPods-SearchRepositories.a in Frameworks */,
			);
			runOnlyForDeploymentPostprocessing = 0;
		};
/* End PBXFrameworksBuildPhase section */

/* Begin PBXGroup section */
		806B2E9D1D33317B00410910 = {
			isa = PBXGroup;
			children = (
				806B2EA81D33317B00410910 /* SearchRepositories */,
				806B2EA71D33317B00410910 /* Products */,
				DD6CE8F4647BF10C9B4FAA92 /* Pods */,
				BC5EE4ACC9D90E733C97FA3A /* Frameworks */,
			);
			sourceTree = "<group>";
		};
		806B2EA71D33317B00410910 /* Products */ = {
			isa = PBXGroup;
			children = (
				806B2EA61D33317B00410910 /* SearchRepositories.app */,
			);
			name = Products;
			sourceTree = "<group>";
		};
		806B2EA81D33317B00410910 /* SearchRepositories */ = {
			isa = PBXGroup;
			children = (
				806B2EC01D33322C00410910 /* Application */,
				806B2EC11D33323B00410910 /* Common */,
				806B2EC31D33329D00410910 /* Resources */,
				806B2EC51D3332E900410910 /* Storyboards */,
				806B2EA91D33317B00410910 /* Supporting Files */,
				806B2EC21D33326900410910 /* UserStories */,
			);
			path = SearchRepositories;
			sourceTree = "<group>";
		};
		806B2EA91D33317B00410910 /* Supporting Files */ = {
			isa = PBXGroup;
			children = (
				806B2EBA1D33317B00410910 /* Info.plist */,
				806B2EAA1D33317B00410910 /* main.m */,
			);
			path = "Supporting Files";
			sourceTree = "<group>";
		};
		806B2EC01D33322C00410910 /* Application */ = {
			isa = PBXGroup;
			children = (
				806B2EAC1D33317B00410910 /* AppDelegate.h */,
				806B2EAD1D33317B00410910 /* AppDelegate.m */,
			);
			path = Application;
			sourceTree = "<group>";
		};
		806B2EC11D33323B00410910 /* Common */ = {
			isa = PBXGroup;
			children = (
				806B2F091D33529300410910 /* Presenter */,
				806B2F071D33523800410910 /* View */,
			);
			path = Common;
			sourceTree = "<group>";
		};
		806B2EC21D33326900410910 /* UserStories */ = {
			isa = PBXGroup;
			children = (
				806B2EC61D33337B00410910 /* Search */,
				806B2EC71D33338800410910 /* Favorites */,
			);
			path = UserStories;
			sourceTree = "<group>";
		};
		806B2EC31D33329D00410910 /* Resources */ = {
			isa = PBXGroup;
			children = (
				806B2EC41D3332B600410910 /* Assets */,
				806B2ECE1D33349D00410910 /* Images */,
				806B2ECF1D3334AB00410910 /* Strings */,
			);
			path = Resources;
			sourceTree = "<group>";
		};
		806B2EC41D3332B600410910 /* Assets */ = {
			isa = PBXGroup;
			children = (
				806B2EB51D33317B00410910 /* Assets.xcassets */,
			);
			path = Assets;
			sourceTree = "<group>";
		};
		806B2EC51D3332E900410910 /* Storyboards */ = {
			isa = PBXGroup;
			children = (
				806B2EB71D33317B00410910 /* LaunchScreen.storyboard */,
				806B2EB21D33317B00410910 /* Main.storyboard */,
			);
			path = Storyboards;
			sourceTree = "<group>";
		};
		806B2EC61D33337B00410910 /* Search */ = {
			isa = PBXGroup;
			children = (
				806B2ECB1D33344400410910 /* Assembly */,
				806B2ECC1D33344400410910 /* Presenter */,
				806B2ECD1D33344400410910 /* View */,
			);
			path = Search;
			sourceTree = "<group>";
		};
		806B2EC71D33338800410910 /* Favorites */ = {
			isa = PBXGroup;
			children = (
				806B2EC81D33342C00410910 /* Assembly */,
				806B2EC91D33342C00410910 /* Presenter */,
				806B2ECA1D33342C00410910 /* View */,
			);
			path = Favorites;
			sourceTree = "<group>";
		};
		806B2EC81D33342C00410910 /* Assembly */ = {
			isa = PBXGroup;
			children = (
			);
			path = Assembly;
			sourceTree = "<group>";
		};
		806B2EC91D33342C00410910 /* Presenter */ = {
			isa = PBXGroup;
			children = (
			);
			path = Presenter;
			sourceTree = "<group>";
		};
		806B2ECA1D33342C00410910 /* View */ = {
			isa = PBXGroup;
			children = (
				806B2F031D334A2100410910 /* Controller */,
			);
			path = View;
			sourceTree = "<group>";
		};
		806B2ECB1D33344400410910 /* Assembly */ = {
			isa = PBXGroup;
			children = (
				806B2F1E1D338F1700410910 /* NKSearchAssembly.h */,
				806B2F1F1D338F1700410910 /* NKSearchAssembly.m */,
			);
			path = Assembly;
			sourceTree = "<group>";
		};
		806B2ECC1D33344400410910 /* Presenter */ = {
			isa = PBXGroup;
			children = (
				806B2F121D3353FD00410910 /* NKSearchPresenter.h */,
				806B2F131D3353FD00410910 /* NKSearchPresenter.m */,
			);
			path = Presenter;
			sourceTree = "<group>";
		};
		806B2ECD1D33344400410910 /* View */ = {
			isa = PBXGroup;
			children = (
				806B2F181D33554300410910 /* NKSearchViewOutput.h */,
				806B2F191D33555400410910 /* NKSearchViewInput.h */,
				806B2EFF1D33483D00410910 /* Controller */,
			);
			path = View;
			sourceTree = "<group>";
		};
		806B2ECE1D33349D00410910 /* Images */ = {
			isa = PBXGroup;
			children = (
				806B2EF51D33393100410910 /* Octocat@3x.png */,
				806B2ED01D33373000410910 /* Icons */,
			);
			path = Images;
			sourceTree = "<group>";
		};
		806B2ECF1D3334AB00410910 /* Strings */ = {
			isa = PBXGroup;
			children = (
				806B2F1C1D338A0500410910 /* Localizable.strings */,
			);
			path = Strings;
			sourceTree = "<group>";
		};
		806B2ED01D33373000410910 /* Icons */ = {
			isa = PBXGroup;
			children = (
				806B2EE91D33391900410910 /* empty_star@2x.png */,
				806B2EEA1D33391900410910 /* empty_star@3x.png */,
				806B2EEB1D33391900410910 /* fork@2x.png */,
				806B2EEC1D33391900410910 /* fork@3x.png */,
				806B2EED1D33391900410910 /* star@2x.png */,
				806B2EEE1D33391900410910 /* star@3x.png */,
			);
			path = Icons;
			sourceTree = "<group>";
		};
		806B2EFF1D33483D00410910 /* Controller */ = {
			isa = PBXGroup;
			children = (
				806B2F001D33486300410910 /* NKSearchController.h */,
				806B2F011D33486300410910 /* NKSearchController.m */,
			);
			path = Controller;
			sourceTree = "<group>";
		};
		806B2F031D334A2100410910 /* Controller */ = {
			isa = PBXGroup;
			children = (
				806B2F041D334A3700410910 /* NKFavoritesController.h */,
				806B2F051D334A3700410910 /* NKFavoritesController.m */,
			);
			path = Controller;
			sourceTree = "<group>";
		};
		806B2F071D33523800410910 /* View */ = {
			isa = PBXGroup;
			children = (
				806B2F0E1D33531400410910 /* Controller */,
				806B2F081D33523800410910 /* Cells */,
				806B2F1A1D3357ED00410910 /* NKViewInput.h */,
				806B2F1B1D3357FA00410910 /* NKViewOutput.h */,
			);
			path = View;
			sourceTree = "<group>";
		};
		806B2F081D33523800410910 /* Cells */ = {
			isa = PBXGroup;
			children = (
			);
			path = Cells;
			sourceTree = "<group>";
		};
		806B2F091D33529300410910 /* Presenter */ = {
			isa = PBXGroup;
			children = (
				806B2F0A1D3352A900410910 /* NKBasePresenter.h */,
				806B2F0B1D3352A900410910 /* NKBasePresenter.m */,
			);
			path = Presenter;
			sourceTree = "<group>";
		};
		806B2F0E1D33531400410910 /* Controller */ = {
			isa = PBXGroup;
			children = (
				806B2F0F1D33532900410910 /* NKBaseController.h */,
				806B2F101D33532900410910 /* NKBaseController.m */,
			);
			path = Controller;
			sourceTree = "<group>";
		};
		BC5EE4ACC9D90E733C97FA3A /* Frameworks */ = {
			isa = PBXGroup;
			children = (
				0EB491FF55C962E57E60FC5B /* libPods-SearchRepositories.a */,
			);
			name = Frameworks;
			sourceTree = "<group>";
		};
		DD6CE8F4647BF10C9B4FAA92 /* Pods */ = {
			isa = PBXGroup;
			children = (
				7DD7F36D5F910FFC4656D7CE /* Pods-SearchRepositories.debug.xcconfig */,
				29F1098CA1B5F9743A297230 /* Pods-SearchRepositories.release.xcconfig */,
			);
			name = Pods;
			sourceTree = "<group>";
		};
/* End PBXGroup section */

/* Begin PBXNativeTarget section */
		806B2EA51D33317B00410910 /* SearchRepositories */ = {
			isa = PBXNativeTarget;
			buildConfigurationList = 806B2EBD1D33317B00410910 /* Build configuration list for PBXNativeTarget "SearchRepositories" */;
			buildPhases = (
				E8E883FCFDBF648463AAA508 /* [CP] Check Pods Manifest.lock */,
				806B2EA21D33317B00410910 /* Sources */,
				806B2EA31D33317B00410910 /* Frameworks */,
				806B2EA41D33317B00410910 /* Resources */,
				3EE74868B6BE573C32885FFF /* [CP] Embed Pods Frameworks */,
				A71C36AD7C2BBF06990063A1 /* [CP] Copy Pods Resources */,
			);
			buildRules = (
			);
			dependencies = (
			);
			name = SearchRepositories;
			productName = SearchRepositories;
			productReference = 806B2EA61D33317B00410910 /* SearchRepositories.app */;
			productType = "com.apple.product-type.application";
		};
/* End PBXNativeTarget section */

/* Begin PBXProject section */
		806B2E9E1D33317B00410910 /* Project object */ = {
			isa = PBXProject;
			attributes = {
				CLASSPREFIX = NK;
				LastUpgradeCheck = 0730;
				ORGANIZATIONNAME = "Nikolay Kagala";
				TargetAttributes = {
					806B2EA51D33317B00410910 = {
						CreatedOnToolsVersion = 7.3.1;
					};
				};
			};
			buildConfigurationList = 806B2EA11D33317B00410910 /* Build configuration list for PBXProject "SearchRepositories" */;
			compatibilityVersion = "Xcode 3.2";
			developmentRegion = English;
			hasScannedForEncodings = 0;
			knownRegions = (
				en,
				Base,
			);
			mainGroup = 806B2E9D1D33317B00410910;
			productRefGroup = 806B2EA71D33317B00410910 /* Products */;
			projectDirPath = "";
			projectRoot = "";
			targets = (
				806B2EA51D33317B00410910 /* SearchRepositories */,
			);
		};
/* End PBXProject section */

/* Begin PBXResourcesBuildPhase section */
		806B2EA41D33317B00410910 /* Resources */ = {
			isa = PBXResourcesBuildPhase;
			buildActionMask = 2147483647;
			files = (
				806B2EF41D33391900410910 /* star@3x.png in Resources */,
				806B2EF01D33391900410910 /* empty_star@3x.png in Resources */,
				806B2F1D1D338A0500410910 /* Localizable.strings in Resources */,
				806B2EB91D33317B00410910 /* LaunchScreen.storyboard in Resources */,
				806B2EF31D33391900410910 /* star@2x.png in Resources */,
				806B2EF11D33391900410910 /* fork@2x.png in Resources */,
				806B2EF21D33391900410910 /* fork@3x.png in Resources */,
				806B2EB61D33317B00410910 /* Assets.xcassets in Resources */,
				806B2EF61D33393100410910 /* Octocat@3x.png in Resources */,
				806B2EEF1D33391900410910 /* empty_star@2x.png in Resources */,
				806B2EB41D33317B00410910 /* Main.storyboard in Resources */,
			);
			runOnlyForDeploymentPostprocessing = 0;
		};
/* End PBXResourcesBuildPhase section */

/* Begin PBXShellScriptBuildPhase section */
		3EE74868B6BE573C32885FFF /* [CP] Embed Pods Frameworks */ = {
			isa = PBXShellScriptBuildPhase;
			buildActionMask = 2147483647;
			files = (
			);
			inputPaths = (
			);
			name = "[CP] Embed Pods Frameworks";
			outputPaths = (
			);
			runOnlyForDeploymentPostprocessing = 0;
			shellPath = /bin/sh;
			shellScript = "\"${SRCROOT}/Pods/Target Support Files/Pods-SearchRepositories/Pods-SearchRepositories-frameworks.sh\"\n";
			showEnvVarsInLog = 0;
		};
		A71C36AD7C2BBF06990063A1 /* [CP] Copy Pods Resources */ = {
			isa = PBXShellScriptBuildPhase;
			buildActionMask = 2147483647;
			files = (
			);
			inputPaths = (
			);
			name = "[CP] Copy Pods Resources";
			outputPaths = (
			);
			runOnlyForDeploymentPostprocessing = 0;
			shellPath = /bin/sh;
			shellScript = "\"${SRCROOT}/Pods/Target Support Files/Pods-SearchRepositories/Pods-SearchRepositories-resources.sh\"\n";
			showEnvVarsInLog = 0;
		};
		E8E883FCFDBF648463AAA508 /* [CP] Check Pods Manifest.lock */ = {
			isa = PBXShellScriptBuildPhase;
			buildActionMask = 2147483647;
			files = (
			);
			inputPaths = (
			);
			name = "[CP] Check Pods Manifest.lock";
			outputPaths = (
			);
			runOnlyForDeploymentPostprocessing = 0;
			shellPath = /bin/sh;
			shellScript = "diff \"${PODS_ROOT}/../Podfile.lock\" \"${PODS_ROOT}/Manifest.lock\" > /dev/null\nif [[ $? != 0 ]] ; then\n    cat << EOM\nerror: The sandbox is not in sync with the Podfile.lock. Run 'pod install' or update your CocoaPods installation.\nEOM\n    exit 1\nfi\n";
			showEnvVarsInLog = 0;
		};
/* End PBXShellScriptBuildPhase section */

/* Begin PBXSourcesBuildPhase section */
		806B2EA21D33317B00410910 /* Sources */ = {
			isa = PBXSourcesBuildPhase;
			buildActionMask = 2147483647;
			files = (
				806B2EAE1D33317B00410910 /* AppDelegate.m in Sources */,
				806B2F021D33486300410910 /* NKSearchController.m in Sources */,
				806B2F061D334A3700410910 /* NKFavoritesController.m in Sources */,
				806B2F0C1D3352A900410910 /* NKBasePresenter.m in Sources */,
				806B2F201D338F1700410910 /* NKSearchAssembly.m in Sources */,
				806B2EAB1D33317B00410910 /* main.m in Sources */,
				806B2F111D33532900410910 /* NKBaseController.m in Sources */,
				806B2F141D3353FD00410910 /* NKSearchPresenter.m in Sources */,
			);
			runOnlyForDeploymentPostprocessing = 0;
		};
/* End PBXSourcesBuildPhase section */

/* Begin PBXVariantGroup section */
		806B2EB21D33317B00410910 /* Main.storyboard */ = {
			isa = PBXVariantGroup;
			children = (
				806B2EB31D33317B00410910 /* Base */,
			);
			name = Main.storyboard;
			path = .;
			sourceTree = "<group>";
		};
		806B2EB71D33317B00410910 /* LaunchScreen.storyboard */ = {
			isa = PBXVariantGroup;
			children = (
				806B2EB81D33317B00410910 /* Base */,
			);
			name = LaunchScreen.storyboard;
			path = .;
			sourceTree = "<group>";
		};
/* End PBXVariantGroup section */

/* Begin XCBuildConfiguration section */
		806B2EBB1D33317B00410910 /* Debug */ = {
			isa = XCBuildConfiguration;
			buildSettings = {
				ALWAYS_SEARCH_USER_PATHS = NO;
				CLANG_ANALYZER_NONNULL = YES;
				CLANG_CXX_LANGUAGE_STANDARD = "gnu++0x";
				CLANG_CXX_LIBRARY = "libc++";
				CLANG_ENABLE_MODULES = YES;
				CLANG_ENABLE_OBJC_ARC = YES;
				CLANG_WARN_BOOL_CONVERSION = YES;
				CLANG_WARN_CONSTANT_CONVERSION = YES;
				CLANG_WARN_DIRECT_OBJC_ISA_USAGE = YES_ERROR;
				CLANG_WARN_EMPTY_BODY = YES;
				CLANG_WARN_ENUM_CONVERSION = YES;
				CLANG_WARN_INT_CONVERSION = YES;
				CLANG_WARN_OBJC_ROOT_CLASS = YES_ERROR;
				CLANG_WARN_UNREACHABLE_CODE = YES;
				CLANG_WARN__DUPLICATE_METHOD_MATCH = YES;
				"CODE_SIGN_IDENTITY[sdk=iphoneos*]" = "iPhone Developer";
				COPY_PHASE_STRIP = NO;
				DEBUG_INFORMATION_FORMAT = dwarf;
				ENABLE_STRICT_OBJC_MSGSEND = YES;
				ENABLE_TESTABILITY = YES;
				GCC_C_LANGUAGE_STANDARD = gnu99;
				GCC_DYNAMIC_NO_PIC = NO;
				GCC_NO_COMMON_BLOCKS = YES;
				GCC_OPTIMIZATION_LEVEL = 0;
				GCC_PREPROCESSOR_DEFINITIONS = (
					"DEBUG=1",
					"$(inherited)",
				);
				GCC_WARN_64_TO_32_BIT_CONVERSION = YES;
				GCC_WARN_ABOUT_RETURN_TYPE = YES_ERROR;
				GCC_WARN_UNDECLARED_SELECTOR = YES;
				GCC_WARN_UNINITIALIZED_AUTOS = YES_AGGRESSIVE;
				GCC_WARN_UNUSED_FUNCTION = YES;
				GCC_WARN_UNUSED_VARIABLE = YES;
				IPHONEOS_DEPLOYMENT_TARGET = 9.3;
				MTL_ENABLE_DEBUG_INFO = YES;
				ONLY_ACTIVE_ARCH = YES;
				SDKROOT = iphoneos;
				TARGETED_DEVICE_FAMILY = "1,2";
			};
			name = Debug;
		};
		806B2EBC1D33317B00410910 /* Release */ = {
			isa = XCBuildConfiguration;
			buildSettings = {
				ALWAYS_SEARCH_USER_PATHS = NO;
				CLANG_ANALYZER_NONNULL = YES;
				CLANG_CXX_LANGUAGE_STANDARD = "gnu++0x";
				CLANG_CXX_LIBRARY = "libc++";
				CLANG_ENABLE_MODULES = YES;
				CLANG_ENABLE_OBJC_ARC = YES;
				CLANG_WARN_BOOL_CONVERSION = YES;
				CLANG_WARN_CONSTANT_CONVERSION = YES;
				CLANG_WARN_DIRECT_OBJC_ISA_USAGE = YES_ERROR;
				CLANG_WARN_EMPTY_BODY = YES;
				CLANG_WARN_ENUM_CONVERSION = YES;
				CLANG_WARN_INT_CONVERSION = YES;
				CLANG_WARN_OBJC_ROOT_CLASS = YES_ERROR;
				CLANG_WARN_UNREACHABLE_CODE = YES;
				CLANG_WARN__DUPLICATE_METHOD_MATCH = YES;
				"CODE_SIGN_IDENTITY[sdk=iphoneos*]" = "iPhone Developer";
				COPY_PHASE_STRIP = NO;
				DEBUG_INFORMATION_FORMAT = "dwarf-with-dsym";
				ENABLE_NS_ASSERTIONS = NO;
				ENABLE_STRICT_OBJC_MSGSEND = YES;
				GCC_C_LANGUAGE_STANDARD = gnu99;
				GCC_NO_COMMON_BLOCKS = YES;
				GCC_WARN_64_TO_32_BIT_CONVERSION = YES;
				GCC_WARN_ABOUT_RETURN_TYPE = YES_ERROR;
				GCC_WARN_UNDECLARED_SELECTOR = YES;
				GCC_WARN_UNINITIALIZED_AUTOS = YES_AGGRESSIVE;
				GCC_WARN_UNUSED_FUNCTION = YES;
				GCC_WARN_UNUSED_VARIABLE = YES;
				IPHONEOS_DEPLOYMENT_TARGET = 9.3;
				MTL_ENABLE_DEBUG_INFO = NO;
				SDKROOT = iphoneos;
				TARGETED_DEVICE_FAMILY = "1,2";
				VALIDATE_PRODUCT = YES;
			};
			name = Release;
		};
		806B2EBE1D33317B00410910 /* Debug */ = {
			isa = XCBuildConfiguration;
			baseConfigurationReference = 7DD7F36D5F910FFC4656D7CE /* Pods-SearchRepositories.debug.xcconfig */;
			buildSettings = {
				ASSETCATALOG_COMPILER_APPICON_NAME = AppIcon;
				INFOPLIST_FILE = "SearchRepositories/Supporting Files/Info.plist";
				IPHONEOS_DEPLOYMENT_TARGET = 8.0;
				LD_RUNPATH_SEARCH_PATHS = "$(inherited) @executable_path/Frameworks";
				PRODUCT_BUNDLE_IDENTIFIER = nibelungc.SearchRepositories;
				PRODUCT_NAME = "$(TARGET_NAME)";
			};
			name = Debug;
		};
		806B2EBF1D33317B00410910 /* Release */ = {
			isa = XCBuildConfiguration;
			baseConfigurationReference = 29F1098CA1B5F9743A297230 /* Pods-SearchRepositories.release.xcconfig */;
			buildSettings = {
				ASSETCATALOG_COMPILER_APPICON_NAME = AppIcon;
				INFOPLIST_FILE = "SearchRepositories/Supporting Files/Info.plist";
				IPHONEOS_DEPLOYMENT_TARGET = 8.0;
				LD_RUNPATH_SEARCH_PATHS = "$(inherited) @executable_path/Frameworks";
				PRODUCT_BUNDLE_IDENTIFIER = nibelungc.SearchRepositories;
				PRODUCT_NAME = "$(TARGET_NAME)";
			};
			name = Release;
		};
/* End XCBuildConfiguration section */

/* Begin XCConfigurationList section */
		806B2EA11D33317B00410910 /* Build configuration list for PBXProject "SearchRepositories" */ = {
			isa = XCConfigurationList;
			buildConfigurations = (
				806B2EBB1D33317B00410910 /* Debug */,
				806B2EBC1D33317B00410910 /* Release */,
			);
			defaultConfigurationIsVisible = 0;
			defaultConfigurationName = Release;
		};
		806B2EBD1D33317B00410910 /* Build configuration list for PBXNativeTarget "SearchRepositories" */ = {
			isa = XCConfigurationList;
			buildConfigurations = (
				806B2EBE1D33317B00410910 /* Debug */,
				806B2EBF1D33317B00410910 /* Release */,
			);
			defaultConfigurationIsVisible = 0;
			defaultConfigurationName = Release;
		};
/* End XCConfigurationList section */
	};
	rootObject = 806B2E9E1D33317B00410910 /* Project object */;
}
