PODS:
  - libextobjc/EXTScope (0.4.1):
    - libextobjc/RuntimeExtensions
  - libextobjc/RuntimeExtensions (0.4.1)
  - Typhoon (3.4.9):
    - Typhoon/no-arc (= 3.4.9)
  - Typhoon/no-arc (3.4.9)

DEPENDENCIES:
  - libextobjc/EXTScope (~> 0.4)
  - Typhoon (~> 3.4.5)

SPEC CHECKSUMS:
  libextobjc: a650fc1bf489a3d3a9bc2e621efa3e1006fc5471
  Typhoon: dbbbdeb868ac1e11908fc3e17b119a976471f07a

PODFILE CHECKSUM: 523349fd13b889d13f7c7fc7b77c23c050594660

COCOAPODS: 1.0.1
